
Microsoft Visual Studio Solution File, Format Version 12.00
# Visual Studio Version 16
VisualStudioVersion = 16.0.30011.22
MinimumVisualStudioVersion = 10.0.40219.1
Project("{FAE04EC0-301F-11D3-BF4B-00C04F79EFBC}") = "OOP_lab_2_2_3", "OOP_lab_2_2_3\OOP_lab_2_2_3.csproj", "{AB53FBE7-2BE2-498C-A2FC-54C5C976A0CB}"
EndProject
Project("{2150E333-8FDC-42A3-9474-1A3956D46DE8}") = "Solution Items", "Solution Items", "{6986B951-22A0-43A9-811D-CA88E50BE82D}"
	ProjectSection(SolutionItems) = preProject
		.travis.yml = .travis.yml
	EndProjectSection
EndProject
Global
	GlobalSection(SolutionConfigurationPlatforms) = preSolution
		Debug|Any CPU = Debug|Any CPU
		Release|Any CPU = Release|Any CPU
	EndGlobalSection
	GlobalSection(ProjectConfigurationPlatforms) = postSolution
		{AB53FBE7-2BE2-498C-A2FC-54C5C976A0CB}.Debug|Any CPU.ActiveCfg = Debug|Any CPU
		{AB53FBE7-2BE2-498C-A2FC-54C5C976A0CB}.Debug|Any CPU.Build.0 = Debug|Any CPU
		{AB53FBE7-2BE2-498C-A2FC-54C5C976A0CB}.Release|Any CPU.ActiveCfg = Release|Any CPU
		{AB53FBE7-2BE2-498C-A2FC-54C5C976A0CB}.Release|Any CPU.Build.0 = Release|Any CPU
	EndGlobalSection
	GlobalSection(SolutionProperties) = preSolution
		HideSolutionNode = FALSE
	EndGlobalSection
	GlobalSection(ExtensibilityGlobals) = postSolution
		SolutionGuid = {6D4147FB-DC59-413B-A9C0-68B713D34C79}
	EndGlobalSection
EndGlobal
